// !$*UTF8*$!
{
	archiveVersion = 1;
	classes = {
	};
	objectVersion = 46;
	objects = {

/* Begin PBXBuildFile section */
		CA110EB21F2EB3B400C271BF /* ILDynamicCollectionViewCell.swift in Sources */ = {isa = PBXBuildFile; fileRef = CA110EB01F2EB3B400C271BF /* ILDynamicCollectionViewCell.swift */; };
		CA110EB31F2EB3B400C271BF /* ILDynamicCollectionViewCell.xib in Resources */ = {isa = PBXBuildFile; fileRef = CA110EB11F2EB3B400C271BF /* ILDynamicCollectionViewCell.xib */; };
		CA4A12291F2EB77B00E0FF93 /* Extensions.swift in Sources */ = {isa = PBXBuildFile; fileRef = CA4A12281F2EB77B00E0FF93 /* Extensions.swift */; };
		CAD034DB1F28211B00C0F91A /* AppDelegate.swift in Sources */ = {isa = PBXBuildFile; fileRef = CAD034DA1F28211B00C0F91A /* AppDelegate.swift */; };
		CAD034E01F28211B00C0F91A /* Main.storyboard in Resources */ = {isa = PBXBuildFile; fileRef = CAD034DE1F28211B00C0F91A /* Main.storyboard */; };
		CAD034E21F28211B00C0F91A /* Assets.xcassets in Resources */ = {isa = PBXBuildFile; fileRef = CAD034E11F28211B00C0F91A /* Assets.xcassets */; };
		CAD034E51F28211B00C0F91A /* LaunchScreen.storyboard in Resources */ = {isa = PBXBuildFile; fileRef = CAD034E31F28211B00C0F91A /* LaunchScreen.storyboard */; };
		CAD034F51F28331600C0F91A /* ILDynamicLayout.swift in Sources */ = {isa = PBXBuildFile; fileRef = CAD034F41F28331600C0F91A /* ILDynamicLayout.swift */; };
		CAD034F91F28332800C0F91A /* ILDynamicCollectionViewController.swift in Sources */ = {isa = PBXBuildFile; fileRef = CAD034F81F28332800C0F91A /* ILDynamicCollectionViewController.swift */; };
		CAD034FB1F283E8300C0F91A /* ILDynamicItem.swift in Sources */ = {isa = PBXBuildFile; fileRef = CAD034FA1F283E8300C0F91A /* ILDynamicItem.swift */; };
/* End PBXBuildFile section */

/* Begin PBXFileReference section */
		CA110EB01F2EB3B400C271BF /* ILDynamicCollectionViewCell.swift */ = {isa = PBXFileReference; fileEncoding = 4; lastKnownFileType = sourcecode.swift; path = ILDynamicCollectionViewCell.swift; sourceTree = "<group>"; };
		CA110EB11F2EB3B400C271BF /* ILDynamicCollectionViewCell.xib */ = {isa = PBXFileReference; fileEncoding = 4; lastKnownFileType = file.xib; path = ILDynamicCollectionViewCell.xib; sourceTree = "<group>"; };
		CA4A12281F2EB77B00E0FF93 /* Extensions.swift */ = {isa = PBXFileReference; fileEncoding = 4; lastKnownFileType = sourcecode.swift; name = Extensions.swift; path = Extensions/Extensions.swift; sourceTree = "<group>"; };
		CAD034D71F28211B00C0F91A /* ILDynamicCollectionViewController.app */ = {isa = PBXFileReference; explicitFileType = wrapper.application; includeInIndex = 0; path = ILDynamicCollectionViewController.app; sourceTree = BUILT_PRODUCTS_DIR; };
		CAD034DA1F28211B00C0F91A /* AppDelegate.swift */ = {isa = PBXFileReference; lastKnownFileType = sourcecode.swift; path = AppDelegate.swift; sourceTree = "<group>"; };
		CAD034DF1F28211B00C0F91A /* Base */ = {isa = PBXFileReference; lastKnownFileType = file.storyboard; name = Base; path = Base.lproj/Main.storyboard; sourceTree = "<group>"; };
		CAD034E11F28211B00C0F91A /* Assets.xcassets */ = {isa = PBXFileReference; lastKnownFileType = folder.assetcatalog; path = Assets.xcassets; sourceTree = "<group>"; };
		CAD034E41F28211B00C0F91A /* Base */ = {isa = PBXFileReference; lastKnownFileType = file.storyboard; name = Base; path = Base.lproj/LaunchScreen.storyboard; sourceTree = "<group>"; };
		CAD034E61F28211B00C0F91A /* Info.plist */ = {isa = PBXFileReference; lastKnownFileType = text.plist.xml; path = Info.plist; sourceTree = "<group>"; };
		CAD034F41F28331600C0F91A /* ILDynamicLayout.swift */ = {isa = PBXFileReference; fileEncoding = 4; lastKnownFileType = sourcecode.swift; path = ILDynamicLayout.swift; sourceTree = "<group>"; };
		CAD034F81F28332800C0F91A /* ILDynamicCollectionViewController.swift */ = {isa = PBXFileReference; fileEncoding = 4; lastKnownFileType = sourcecode.swift; path = ILDynamicCollectionViewController.swift; sourceTree = "<group>"; };
		CAD034FA1F283E8300C0F91A /* ILDynamicItem.swift */ = {isa = PBXFileReference; fileEncoding = 4; lastKnownFileType = sourcecode.swift; path = ILDynamicItem.swift; sourceTree = "<group>"; };
/* End PBXFileReference section */

/* Begin PBXFrameworksBuildPhase section */
		CAD034D41F28211B00C0F91A /* Frameworks */ = {
			isa = PBXFrameworksBuildPhase;
			buildActionMask = 2147483647;
			files = (
			);
			runOnlyForDeploymentPostprocessing = 0;
		};
/* End PBXFrameworksBuildPhase section */

/* Begin PBXGroup section */
		CA4A12271F2EB76500E0FF93 /* Extensions */ = {
			isa = PBXGroup;
			children = (
				CA4A12281F2EB77B00E0FF93 /* Extensions.swift */,
			);
			name = Extensions;
			sourceTree = "<group>";
		};
		CAD034CE1F28211B00C0F91A = {
			isa = PBXGroup;
			children = (
				CAD034D91F28211B00C0F91A /* ILDynamicCollectionViewController */,
				CAD034D81F28211B00C0F91A /* Products */,
			);
			sourceTree = "<group>";
		};
		CAD034D81F28211B00C0F91A /* Products */ = {
			isa = PBXGroup;
			children = (
				CAD034D71F28211B00C0F91A /* ILDynamicCollectionViewController.app */,
			);
			name = Products;
			sourceTree = "<group>";
		};
		CAD034D91F28211B00C0F91A /* ILDynamicCollectionViewController */ = {
			isa = PBXGroup;
			children = (
				CA4A12271F2EB76500E0FF93 /* Extensions */,
				CAD034EF1F28282B00C0F91A /* Models */,
				CAD034EE1F28281C00C0F91A /* Layout */,
				CAD034ED1F28281500C0F91A /* Views */,
				CAD034EC1F28281000C0F91A /* Controllers */,
				CAD034DA1F28211B00C0F91A /* AppDelegate.swift */,
				CAD034DE1F28211B00C0F91A /* Main.storyboard */,
				CAD034E11F28211B00C0F91A /* Assets.xcassets */,
				CAD034E31F28211B00C0F91A /* LaunchScreen.storyboard */,
				CAD034E61F28211B00C0F91A /* Info.plist */,
			);
			path = ILDynamicCollectionViewController;
			sourceTree = "<group>";
		};
		CAD034EC1F28281000C0F91A /* Controllers */ = {
			isa = PBXGroup;
			children = (
				CAD034F81F28332800C0F91A /* ILDynamicCollectionViewController.swift */,
			);
			path = Controllers;
			sourceTree = "<group>";
		};
		CAD034ED1F28281500C0F91A /* Views */ = {
			isa = PBXGroup;
			children = (
				CA110EB01F2EB3B400C271BF /* ILDynamicCollectionViewCell.swift */,
				CA110EB11F2EB3B400C271BF /* ILDynamicCollectionViewCell.xib */,
			);
			path = Views;
			sourceTree = "<group>";
		};
		CAD034EE1F28281C00C0F91A /* Layout */ = {
			isa = PBXGroup;
			children = (
				CAD034F41F28331600C0F91A /* ILDynamicLayout.swift */,
			);
			path = Layout;
			sourceTree = "<group>";
		};
		CAD034EF1F28282B00C0F91A /* Models */ = {
			isa = PBXGroup;
			children = (
				CAD034FA1F283E8300C0F91A /* ILDynamicItem.swift */,
			);
			path = Models;
			sourceTree = "<group>";
		};
/* End PBXGroup section */

/* Begin PBXNativeTarget section */
		CAD034D61F28211B00C0F91A /* ILDynamicCollectionView */ = {
			isa = PBXNativeTarget;
			buildConfigurationList = CAD034E91F28211B00C0F91A /* Build configuration list for PBXNativeTarget "ILDynamicCollectionView" */;
			buildPhases = (
				CAD034D31F28211B00C0F91A /* Sources */,
				CAD034D41F28211B00C0F91A /* Frameworks */,
				CAD034D51F28211B00C0F91A /* Resources */,
			);
			buildRules = (
			);
			dependencies = (
			);
			name = ILDynamicCollectionView;
			productName = ILDynamicCollectionView;
			productReference = CAD034D71F28211B00C0F91A /* ILDynamicCollectionViewController.app */;
			productType = "com.apple.product-type.application";
		};
/* End PBXNativeTarget section */

/* Begin PBXProject section */
		CAD034CF1F28211B00C0F91A /* Project object */ = {
			isa = PBXProject;
			attributes = {
				LastSwiftUpdateCheck = 0830;
				LastUpgradeCheck = 0830;
				ORGANIZATIONNAME = "Igar Liubavetskiy";
				TargetAttributes = {
					CAD034D61F28211B00C0F91A = {
						CreatedOnToolsVersion = 8.3.3;
						DevelopmentTeam = G2F78XDFSY;
						ProvisioningStyle = Automatic;
					};
				};
			};
			buildConfigurationList = CAD034D21F28211B00C0F91A /* Build configuration list for PBXProject "ILDynamicCollectionViewController" */;
			compatibilityVersion = "Xcode 3.2";
			developmentRegion = English;
			hasScannedForEncodings = 0;
			knownRegions = (
				en,
				Base,
			);
			mainGroup = CAD034CE1F28211B00C0F91A;
			productRefGroup = CAD034D81F28211B00C0F91A /* Products */;
			projectDirPath = "";
			projectRoot = "";
			targets = (
				CAD034D61F28211B00C0F91A /* ILDynamicCollectionView */,
			);
		};
/* End PBXProject section */

/* Begin PBXResourcesBuildPhase section */
		CAD034D51F28211B00C0F91A /* Resources */ = {
			isa = PBXResourcesBuildPhase;
			buildActionMask = 2147483647;
			files = (
				CAD034E51F28211B00C0F91A /* LaunchScreen.storyboard in Resources */,
				CA110EB31F2EB3B400C271BF /* ILDynamicCollectionViewCell.xib in Resources */,
				CAD034E21F28211B00C0F91A /* Assets.xcassets in Resources */,
				CAD034E01F28211B00C0F91A /* Main.storyboard in Resources */,
			);
			runOnlyForDeploymentPostprocessing = 0;
		};
/* End PBXResourcesBuildPhase section */

/* Begin PBXSourcesBuildPhase section */
		CAD034D31F28211B00C0F91A /* Sources */ = {
			isa = PBXSourcesBuildPhase;
			buildActionMask = 2147483647;
			files = (
				CAD034F91F28332800C0F91A /* ILDynamicCollectionViewController.swift in Sources */,
				CA4A12291F2EB77B00E0FF93 /* Extensions.swift in Sources */,
				CA110EB21F2EB3B400C271BF /* ILDynamicCollectionViewCell.swift in Sources */,
				CAD034FB1F283E8300C0F91A /* ILDynamicItem.swift in Sources */,
				CAD034F51F28331600C0F91A /* ILDynamicLayout.swift in Sources */,
				CAD034DB1F28211B00C0F91A /* AppDelegate.swift in Sources */,
			);
			runOnlyForDeploymentPostprocessing = 0;
		};
/* End PBXSourcesBuildPhase section */

/* Begin PBXVariantGroup section */
		CAD034DE1F28211B00C0F91A /* Main.storyboard */ = {
			isa = PBXVariantGroup;
			children = (
				CAD034DF1F28211B00C0F91A /* Base */,
			);
			name = Main.storyboard;
			sourceTree = "<group>";
		};
		CAD034E31F28211B00C0F91A /* LaunchScreen.storyboard */ = {
			isa = PBXVariantGroup;
			children = (
				CAD034E41F28211B00C0F91A /* Base */,
			);
			name = LaunchScreen.storyboard;
			sourceTree = "<group>";
		};
/* End PBXVariantGroup section */

/* Begin XCBuildConfiguration section */
		CAD034E71F28211B00C0F91A /* Debug */ = {
			isa = XCBuildConfiguration;
			buildSettings = {
				ALWAYS_SEARCH_USER_PATHS = NO;
				CLANG_ANALYZER_NONNULL = YES;
				CLANG_ANALYZER_NUMBER_OBJECT_CONVERSION = YES_AGGRESSIVE;
				CLANG_CXX_LANGUAGE_STANDARD = "gnu++0x";
				CLANG_CXX_LIBRARY = "libc++";
				CLANG_ENABLE_MODULES = YES;
				CLANG_ENABLE_OBJC_ARC = YES;
				CLANG_WARN_BOOL_CONVERSION = YES;
				CLANG_WARN_CONSTANT_CONVERSION = YES;
				CLANG_WARN_DIRECT_OBJC_ISA_USAGE = YES_ERROR;
				CLANG_WARN_DOCUMENTATION_COMMENTS = YES;
				CLANG_WARN_EMPTY_BODY = YES;
				CLANG_WARN_ENUM_CONVERSION = YES;
				CLANG_WARN_INFINITE_RECURSION = YES;
				CLANG_WARN_INT_CONVERSION = YES;
				CLANG_WARN_OBJC_ROOT_CLASS = YES_ERROR;
				CLANG_WARN_SUSPICIOUS_MOVE = YES;
				CLANG_WARN_UNREACHABLE_CODE = YES;
				CLANG_WARN__DUPLICATE_METHOD_MATCH = YES;
				"CODE_SIGN_IDENTITY[sdk=iphoneos*]" = "iPhone Developer";
				COPY_PHASE_STRIP = NO;
				DEBUG_INFORMATION_FORMAT = dwarf;
				ENABLE_STRICT_OBJC_MSGSEND = YES;
				ENABLE_TESTABILITY = YES;
				GCC_C_LANGUAGE_STANDARD = gnu99;
				GCC_DYNAMIC_NO_PIC = NO;
				GCC_NO_COMMON_BLOCKS = YES;
				GCC_OPTIMIZATION_LEVEL = 0;
				GCC_PREPROCESSOR_DEFINITIONS = (
					"DEBUG=1",
					"$(inherited)",
				);
				GCC_WARN_64_TO_32_BIT_CONVERSION = YES;
				GCC_WARN_ABOUT_RETURN_TYPE = YES_ERROR;
				GCC_WARN_UNDECLARED_SELECTOR = YES;
				GCC_WARN_UNINITIALIZED_AUTOS = YES_AGGRESSIVE;
				GCC_WARN_UNUSED_FUNCTION = YES;
				GCC_WARN_UNUSED_VARIABLE = YES;
				IPHONEOS_DEPLOYMENT_TARGET = 10.3;
				MTL_ENABLE_DEBUG_INFO = YES;
				ONLY_ACTIVE_ARCH = YES;
				SDKROOT = iphoneos;
				SWIFT_ACTIVE_COMPILATION_CONDITIONS = DEBUG;
				SWIFT_OPTIMIZATION_LEVEL = "-Onone";
			};
			name = Debug;
		};
		CAD034E81F28211B00C0F91A /* Release */ = {
			isa = XCBuildConfiguration;
			buildSettings = {
				ALWAYS_SEARCH_USER_PATHS = NO;
				CLANG_ANALYZER_NONNULL = YES;
				CLANG_ANALYZER_NUMBER_OBJECT_CONVERSION = YES_AGGRESSIVE;
				CLANG_CXX_LANGUAGE_STANDARD = "gnu++0x";
				CLANG_CXX_LIBRARY = "libc++";
				CLANG_ENABLE_MODULES = YES;
				CLANG_ENABLE_OBJC_ARC = YES;
				CLANG_WARN_BOOL_CONVERSION = YES;
				CLANG_WARN_CONSTANT_CONVERSION = YES;
				CLANG_WARN_DIRECT_OBJC_ISA_USAGE = YES_ERROR;
				CLANG_WARN_DOCUMENTATION_COMMENTS = YES;
				CLANG_WARN_EMPTY_BODY = YES;
				CLANG_WARN_ENUM_CONVERSION = YES;
				CLANG_WARN_INFINITE_RECURSION = YES;
				CLANG_WARN_INT_CONVERSION = YES;
				CLANG_WARN_OBJC_ROOT_CLASS = YES_ERROR;
				CLANG_WARN_SUSPICIOUS_MOVE = YES;
				CLANG_WARN_UNREACHABLE_CODE = YES;
				CLANG_WARN__DUPLICATE_METHOD_MATCH = YES;
				"CODE_SIGN_IDENTITY[sdk=iphoneos*]" = "iPhone Developer";
				COPY_PHASE_STRIP = NO;
				DEBUG_INFORMATION_FORMAT = "dwarf-with-dsym";
				ENABLE_NS_ASSERTIONS = NO;
				ENABLE_STRICT_OBJC_MSGSEND = YES;
				GCC_C_LANGUAGE_STANDARD = gnu99;
				GCC_NO_COMMON_BLOCKS = YES;
				GCC_WARN_64_TO_32_BIT_CONVERSION = YES;
				GCC_WARN_ABOUT_RETURN_TYPE = YES_ERROR;
				GCC_WARN_UNDECLARED_SELECTOR = YES;
				GCC_WARN_UNINITIALIZED_AUTOS = YES_AGGRESSIVE;
				GCC_WARN_UNUSED_FUNCTION = YES;
				GCC_WARN_UNUSED_VARIABLE = YES;
				IPHONEOS_DEPLOYMENT_TARGET = 10.3;
				MTL_ENABLE_DEBUG_INFO = NO;
				SDKROOT = iphoneos;
				SWIFT_OPTIMIZATION_LEVEL = "-Owholemodule";
				VALIDATE_PRODUCT = YES;
			};
			name = Release;
		};
		CAD034EA1F28211B00C0F91A /* Debug */ = {
			isa = XCBuildConfiguration;
			buildSettings = {
				ASSETCATALOG_COMPILER_APPICON_NAME = AppIcon;
				DEVELOPMENT_TEAM = G2F78XDFSY;
				INFOPLIST_FILE = ILDynamicCollectionViewController/Info.plist;
				LD_RUNPATH_SEARCH_PATHS = "$(inherited) @executable_path/Frameworks";
				PRODUCT_BUNDLE_IDENTIFIER = co.ILDynamicCollectionViewController;
				PRODUCT_NAME = ILDynamicCollectionViewController;
				SWIFT_VERSION = 3.0;
			};
			name = Debug;
		};
		CAD034EB1F28211B00C0F91A /* Release */ = {
			isa = XCBuildConfiguration;
			buildSettings = {
				ASSETCATALOG_COMPILER_APPICON_NAME = AppIcon;
				DEVELOPMENT_TEAM = G2F78XDFSY;
				INFOPLIST_FILE = ILDynamicCollectionViewController/Info.plist;
				LD_RUNPATH_SEARCH_PATHS = "$(inherited) @executable_path/Frameworks";
				PRODUCT_BUNDLE_IDENTIFIER = co.ILDynamicCollectionViewController;
				PRODUCT_NAME = ILDynamicCollectionViewController;
				SWIFT_VERSION = 3.0;
			};
			name = Release;
		};
/* End XCBuildConfiguration section */

/* Begin XCConfigurationList section */
		CAD034D21F28211B00C0F91A /* Build configuration list for PBXProject "ILDynamicCollectionViewController" */ = {
			isa = XCConfigurationList;
			buildConfigurations = (
				CAD034E71F28211B00C0F91A /* Debug */,
				CAD034E81F28211B00C0F91A /* Release */,
			);
			defaultConfigurationIsVisible = 0;
			defaultConfigurationName = Release;
		};
		CAD034E91F28211B00C0F91A /* Build configuration list for PBXNativeTarget "ILDynamicCollectionView" */ = {
			isa = XCConfigurationList;
			buildConfigurations = (
				CAD034EA1F28211B00C0F91A /* Debug */,
				CAD034EB1F28211B00C0F91A /* Release */,
			);
			defaultConfigurationIsVisible = 0;
			defaultConfigurationName = Release;
		};
/* End XCConfigurationList section */
	};
	rootObject = CAD034CF1F28211B00C0F91A /* Project object */;
}
